github.com/andsholinka/go-say-hello v1.0.0 h1:LZoAFEBBzC8VOVYpyVqAg9pIYAoZex7FaKTphuYS61U=
github.com/andsholinka/go-say-hello v1.0.0/go.mod h1:sQ+iqfcz+Zt0OLOBMiT4I/pF3xZ+bPKzSEkcqUY6l8w=
github.com/andsholinka/go-say-hello v1.5.0 h1:vwuROGriaNvNxNB06x86Sojogzqerl24uJS00dUdI9A=
github.com/andsholinka/go-say-hello v1.5.0/go.mod h1:sQ+iqfcz+Zt0OLOBMiT4I/pF3xZ+bPKzSEkcqUY6l8w=
